
Microsoft Visual Studio Solution File, Format Version 12.00
# Visual Studio Version 16
VisualStudioVersion = 16.0.31624.102
MinimumVisualStudioVersion = 10.0.40219.1
Project("{FAE04EC0-301F-11D3-BF4B-00C04F79EFBC}") = "ProyectoPrueba", "ProyectoPrueba.csproj", "{F6343BC3-B9F7-43F8-A974-AC9F5354EB82}"
EndProject
Global
	GlobalSection(SolutionConfigurationPlatforms) = preSolution
		Debug|Any CPU = Debug|Any CPU
		Release|Any CPU = Release|Any CPU
	EndGlobalSection
	GlobalSection(ProjectConfigurationPlatforms) = postSolution
		{F6343BC3-B9F7-43F8-A974-AC9F5354EB82}.Debug|Any CPU.ActiveCfg = Debug|Any CPU
		{F6343BC3-B9F7-43F8-A974-AC9F5354EB82}.Debug|Any CPU.Build.0 = Debug|Any CPU
		{F6343BC3-B9F7-43F8-A974-AC9F5354EB82}.Release|Any CPU.ActiveCfg = Release|Any CPU
		{F6343BC3-B9F7-43F8-A974-AC9F5354EB82}.Release|Any CPU.Build.0 = Release|Any CPU
	EndGlobalSection
	GlobalSection(SolutionProperties) = preSolution
		HideSolutionNode = FALSE
	EndGlobalSection
	GlobalSection(ExtensibilityGlobals) = postSolution
		SolutionGuid = {56B5EA4B-CBFB-4C23-929F-D6C901C254DD}
	EndGlobalSection
EndGlobal
